
Microsoft Visual Studio Solution File, Format Version 12.00
# Visual Studio 2013
VisualStudioVersion = 12.0.30501.0
MinimumVisualStudioVersion = 10.0.40219.1
Project("{8BC9CEB8-8B4A-11D0-8D11-00A0C91BC942}") = "MPEG7", "MPEG7\MPEG7.vcxproj", "{A49297B3-9B32-429D-8AAB-84899C80A6AA}"
EndProject
Global
	GlobalSection(SolutionConfigurationPlatforms) = preSolution
		Debug|Win32 = Debug|Win32
		Release|Win32 = Release|Win32
	EndGlobalSection
	GlobalSection(ProjectConfigurationPlatforms) = postSolution
		{A49297B3-9B32-429D-8AAB-84899C80A6AA}.Debug|Win32.ActiveCfg = Release|Win32
		{A49297B3-9B32-429D-8AAB-84899C80A6AA}.Debug|Win32.Build.0 = Release|Win32
		{A49297B3-9B32-429D-8AAB-84899C80A6AA}.Release|Win32.ActiveCfg = Release|Win32
		{A49297B3-9B32-429D-8AAB-84899C80A6AA}.Release|Win32.Build.0 = Release|Win32
	EndGlobalSection
	GlobalSection(SolutionProperties) = preSolution
		HideSolutionNode = FALSE
	EndGlobalSection
EndGlobal
